
Microsoft Visual Studio Solution File, Format Version 12.00
# Visual Studio 14
VisualStudioVersion = 14.0.25123.0
MinimumVisualStudioVersion = 10.0.40219.1
Project("{2150E333-8FDC-42A3-9474-1A3956D46DE8}") = "deployment", "deployment", "{D787EE43-6D6C-400B-A1AA-F40F2201148B}"
	ProjectSection(SolutionItems) = preProject
		deploy.cmd = deploy.cmd
	EndProjectSection
EndProject
Project("{2150E333-8FDC-42A3-9474-1A3956D46DE8}") = "test", "test", "{724B0A14-F1E6-48E8-ACC9-6BD5FD8B47AA}"
EndProject
Project("{8BB2217D-0F2D-49D1-97BC-3654ED321F3B}") = "StoreTagJob", "src\StoreTagJob\StoreTagJob.xproj", "{C2A7AD89-D05C-49A3-946F-0AA3F55DC724}"
EndProject
Project("{8BB2217D-0F2D-49D1-97BC-3654ED321F3B}") = "Data", "..\BackendModel\src\AppSyndication.BackendModel.Data\Data.xproj", "{F75F973D-B9A1-4603-A47D-E1B958FF63D3}"
EndProject
Project("{8BB2217D-0F2D-49D1-97BC-3654ED321F3B}") = "IndexChannelJob", "src\IndexChannelJob\IndexChannelJob.xproj", "{8E9D9FAE-5D0B-4E01-8972-74C20E9E4382}"
EndProject
Project("{8BB2217D-0F2D-49D1-97BC-3654ED321F3B}") = "WebSvc", "src\WebSvc\WebSvc.xproj", "{F5D911F6-C878-4B87-879B-8E0BE9B1406D}"
EndProject
Global
	GlobalSection(SolutionConfigurationPlatforms) = preSolution
		Debug|Any CPU = Debug|Any CPU
		Release|Any CPU = Release|Any CPU
	EndGlobalSection
	GlobalSection(ProjectConfigurationPlatforms) = postSolution
		{C2A7AD89-D05C-49A3-946F-0AA3F55DC724}.Debug|Any CPU.ActiveCfg = Debug|Any CPU
		{C2A7AD89-D05C-49A3-946F-0AA3F55DC724}.Debug|Any CPU.Build.0 = Debug|Any CPU
		{C2A7AD89-D05C-49A3-946F-0AA3F55DC724}.Release|Any CPU.ActiveCfg = Release|Any CPU
		{C2A7AD89-D05C-49A3-946F-0AA3F55DC724}.Release|Any CPU.Build.0 = Release|Any CPU
		{F75F973D-B9A1-4603-A47D-E1B958FF63D3}.Debug|Any CPU.ActiveCfg = Debug|Any CPU
		{F75F973D-B9A1-4603-A47D-E1B958FF63D3}.Debug|Any CPU.Build.0 = Debug|Any CPU
		{F75F973D-B9A1-4603-A47D-E1B958FF63D3}.Release|Any CPU.ActiveCfg = Release|Any CPU
		{F75F973D-B9A1-4603-A47D-E1B958FF63D3}.Release|Any CPU.Build.0 = Release|Any CPU
		{8E9D9FAE-5D0B-4E01-8972-74C20E9E4382}.Debug|Any CPU.ActiveCfg = Debug|Any CPU
		{8E9D9FAE-5D0B-4E01-8972-74C20E9E4382}.Debug|Any CPU.Build.0 = Debug|Any CPU
		{8E9D9FAE-5D0B-4E01-8972-74C20E9E4382}.Release|Any CPU.ActiveCfg = Release|Any CPU
		{8E9D9FAE-5D0B-4E01-8972-74C20E9E4382}.Release|Any CPU.Build.0 = Release|Any CPU
		{F5D911F6-C878-4B87-879B-8E0BE9B1406D}.Debug|Any CPU.ActiveCfg = Debug|Any CPU
		{F5D911F6-C878-4B87-879B-8E0BE9B1406D}.Debug|Any CPU.Build.0 = Debug|Any CPU
		{F5D911F6-C878-4B87-879B-8E0BE9B1406D}.Release|Any CPU.ActiveCfg = Release|Any CPU
		{F5D911F6-C878-4B87-879B-8E0BE9B1406D}.Release|Any CPU.Build.0 = Release|Any CPU
	EndGlobalSection
	GlobalSection(SolutionProperties) = preSolution
		HideSolutionNode = FALSE
	EndGlobalSection
EndGlobal
